
Microsoft Visual Studio Solution File, Format Version 12.00
# Visual Studio Version 16
VisualStudioVersion = 16.6.30114.105
MinimumVisualStudioVersion = 10.0.40219.1
Project("{2150E333-8FDC-42A3-9474-1A3956D46DE8}") = "src", "src", "{0121ACF0-9C4C-48B0-B22D-DCC5BC2397E1}"
EndProject
Project("{FAE04EC0-301F-11D3-BF4B-00C04F79EFBC}") = "Shidozufu.Ecomm", "src\Shidozufu.Ecomm\Shidozufu.Ecomm.csproj", "{DF93CAB0-35AC-4030-80B8-9D37EDE3374B}"
EndProject
Project("{FAE04EC0-301F-11D3-BF4B-00C04F79EFBC}") = "Shidozufu.OrderService", "src\Shidozufu.OrderService\Shidozufu.OrderService.csproj", "{9C9C7796-A0EF-4AA4-A309-DB70F4D4DC96}"
EndProject
Project("{FAE04EC0-301F-11D3-BF4B-00C04F79EFBC}") = "Shidozufu.ReportService", "src\Shidozufu.ReportService\Shidozufu.ReportService.csproj", "{C5A4C1AE-B4C9-44D3-9E5F-9FCFFE2F9200}"
EndProject
Project("{FAE04EC0-301F-11D3-BF4B-00C04F79EFBC}") = "Shidozufu.Shared", "src\Shidozufu.Shared\Shidozufu.Shared.csproj", "{28159267-4434-4E6F-858B-1786ECD8AF85}"
EndProject
Project("{FAE04EC0-301F-11D3-BF4B-00C04F79EFBC}") = "Shidozufu.EventBus", "src\Shidozufu.EventBus\Shidozufu.EventBus.csproj", "{B0D23B3C-7736-4A98-B07B-E59CC12D7357}"
EndProject
Global
	GlobalSection(SolutionConfigurationPlatforms) = preSolution
		Debug|Any CPU = Debug|Any CPU
		Debug|x64 = Debug|x64
		Debug|x86 = Debug|x86
		Release|Any CPU = Release|Any CPU
		Release|x64 = Release|x64
		Release|x86 = Release|x86
	EndGlobalSection
	GlobalSection(SolutionProperties) = preSolution
		HideSolutionNode = FALSE
	EndGlobalSection
	GlobalSection(ProjectConfigurationPlatforms) = postSolution
		{DF93CAB0-35AC-4030-80B8-9D37EDE3374B}.Debug|Any CPU.ActiveCfg = Debug|Any CPU
		{DF93CAB0-35AC-4030-80B8-9D37EDE3374B}.Debug|Any CPU.Build.0 = Debug|Any CPU
		{DF93CAB0-35AC-4030-80B8-9D37EDE3374B}.Debug|x64.ActiveCfg = Debug|Any CPU
		{DF93CAB0-35AC-4030-80B8-9D37EDE3374B}.Debug|x64.Build.0 = Debug|Any CPU
		{DF93CAB0-35AC-4030-80B8-9D37EDE3374B}.Debug|x86.ActiveCfg = Debug|Any CPU
		{DF93CAB0-35AC-4030-80B8-9D37EDE3374B}.Debug|x86.Build.0 = Debug|Any CPU
		{DF93CAB0-35AC-4030-80B8-9D37EDE3374B}.Release|Any CPU.ActiveCfg = Release|Any CPU
		{DF93CAB0-35AC-4030-80B8-9D37EDE3374B}.Release|Any CPU.Build.0 = Release|Any CPU
		{DF93CAB0-35AC-4030-80B8-9D37EDE3374B}.Release|x64.ActiveCfg = Release|Any CPU
		{DF93CAB0-35AC-4030-80B8-9D37EDE3374B}.Release|x64.Build.0 = Release|Any CPU
		{DF93CAB0-35AC-4030-80B8-9D37EDE3374B}.Release|x86.ActiveCfg = Release|Any CPU
		{DF93CAB0-35AC-4030-80B8-9D37EDE3374B}.Release|x86.Build.0 = Release|Any CPU
		{9C9C7796-A0EF-4AA4-A309-DB70F4D4DC96}.Debug|Any CPU.ActiveCfg = Debug|Any CPU
		{9C9C7796-A0EF-4AA4-A309-DB70F4D4DC96}.Debug|Any CPU.Build.0 = Debug|Any CPU
		{9C9C7796-A0EF-4AA4-A309-DB70F4D4DC96}.Debug|x64.ActiveCfg = Debug|Any CPU
		{9C9C7796-A0EF-4AA4-A309-DB70F4D4DC96}.Debug|x64.Build.0 = Debug|Any CPU
		{9C9C7796-A0EF-4AA4-A309-DB70F4D4DC96}.Debug|x86.ActiveCfg = Debug|Any CPU
		{9C9C7796-A0EF-4AA4-A309-DB70F4D4DC96}.Debug|x86.Build.0 = Debug|Any CPU
		{9C9C7796-A0EF-4AA4-A309-DB70F4D4DC96}.Release|Any CPU.ActiveCfg = Release|Any CPU
		{9C9C7796-A0EF-4AA4-A309-DB70F4D4DC96}.Release|Any CPU.Build.0 = Release|Any CPU
		{9C9C7796-A0EF-4AA4-A309-DB70F4D4DC96}.Release|x64.ActiveCfg = Release|Any CPU
		{9C9C7796-A0EF-4AA4-A309-DB70F4D4DC96}.Release|x64.Build.0 = Release|Any CPU
		{9C9C7796-A0EF-4AA4-A309-DB70F4D4DC96}.Release|x86.ActiveCfg = Release|Any CPU
		{9C9C7796-A0EF-4AA4-A309-DB70F4D4DC96}.Release|x86.Build.0 = Release|Any CPU
		{C5A4C1AE-B4C9-44D3-9E5F-9FCFFE2F9200}.Debug|Any CPU.ActiveCfg = Debug|Any CPU
		{C5A4C1AE-B4C9-44D3-9E5F-9FCFFE2F9200}.Debug|Any CPU.Build.0 = Debug|Any CPU
		{C5A4C1AE-B4C9-44D3-9E5F-9FCFFE2F9200}.Debug|x64.ActiveCfg = Debug|Any CPU
		{C5A4C1AE-B4C9-44D3-9E5F-9FCFFE2F9200}.Debug|x64.Build.0 = Debug|Any CPU
		{C5A4C1AE-B4C9-44D3-9E5F-9FCFFE2F9200}.Debug|x86.ActiveCfg = Debug|Any CPU
		{C5A4C1AE-B4C9-44D3-9E5F-9FCFFE2F9200}.Debug|x86.Build.0 = Debug|Any CPU
		{C5A4C1AE-B4C9-44D3-9E5F-9FCFFE2F9200}.Release|Any CPU.ActiveCfg = Release|Any CPU
		{C5A4C1AE-B4C9-44D3-9E5F-9FCFFE2F9200}.Release|Any CPU.Build.0 = Release|Any CPU
		{C5A4C1AE-B4C9-44D3-9E5F-9FCFFE2F9200}.Release|x64.ActiveCfg = Release|Any CPU
		{C5A4C1AE-B4C9-44D3-9E5F-9FCFFE2F9200}.Release|x64.Build.0 = Release|Any CPU
		{C5A4C1AE-B4C9-44D3-9E5F-9FCFFE2F9200}.Release|x86.ActiveCfg = Release|Any CPU
		{C5A4C1AE-B4C9-44D3-9E5F-9FCFFE2F9200}.Release|x86.Build.0 = Release|Any CPU
		{28159267-4434-4E6F-858B-1786ECD8AF85}.Debug|Any CPU.ActiveCfg = Debug|Any CPU
		{28159267-4434-4E6F-858B-1786ECD8AF85}.Debug|Any CPU.Build.0 = Debug|Any CPU
		{28159267-4434-4E6F-858B-1786ECD8AF85}.Debug|x64.ActiveCfg = Debug|Any CPU
		{28159267-4434-4E6F-858B-1786ECD8AF85}.Debug|x64.Build.0 = Debug|Any CPU
		{28159267-4434-4E6F-858B-1786ECD8AF85}.Debug|x86.ActiveCfg = Debug|Any CPU
		{28159267-4434-4E6F-858B-1786ECD8AF85}.Debug|x86.Build.0 = Debug|Any CPU
		{28159267-4434-4E6F-858B-1786ECD8AF85}.Release|Any CPU.ActiveCfg = Release|Any CPU
		{28159267-4434-4E6F-858B-1786ECD8AF85}.Release|Any CPU.Build.0 = Release|Any CPU
		{28159267-4434-4E6F-858B-1786ECD8AF85}.Release|x64.ActiveCfg = Release|Any CPU
		{28159267-4434-4E6F-858B-1786ECD8AF85}.Release|x64.Build.0 = Release|Any CPU
		{28159267-4434-4E6F-858B-1786ECD8AF85}.Release|x86.ActiveCfg = Release|Any CPU
		{28159267-4434-4E6F-858B-1786ECD8AF85}.Release|x86.Build.0 = Release|Any CPU
		{B0D23B3C-7736-4A98-B07B-E59CC12D7357}.Debug|Any CPU.ActiveCfg = Debug|Any CPU
		{B0D23B3C-7736-4A98-B07B-E59CC12D7357}.Debug|Any CPU.Build.0 = Debug|Any CPU
		{B0D23B3C-7736-4A98-B07B-E59CC12D7357}.Debug|x64.ActiveCfg = Debug|Any CPU
		{B0D23B3C-7736-4A98-B07B-E59CC12D7357}.Debug|x64.Build.0 = Debug|Any CPU
		{B0D23B3C-7736-4A98-B07B-E59CC12D7357}.Debug|x86.ActiveCfg = Debug|Any CPU
		{B0D23B3C-7736-4A98-B07B-E59CC12D7357}.Debug|x86.Build.0 = Debug|Any CPU
		{B0D23B3C-7736-4A98-B07B-E59CC12D7357}.Release|Any CPU.ActiveCfg = Release|Any CPU
		{B0D23B3C-7736-4A98-B07B-E59CC12D7357}.Release|Any CPU.Build.0 = Release|Any CPU
		{B0D23B3C-7736-4A98-B07B-E59CC12D7357}.Release|x64.ActiveCfg = Release|Any CPU
		{B0D23B3C-7736-4A98-B07B-E59CC12D7357}.Release|x64.Build.0 = Release|Any CPU
		{B0D23B3C-7736-4A98-B07B-E59CC12D7357}.Release|x86.ActiveCfg = Release|Any CPU
		{B0D23B3C-7736-4A98-B07B-E59CC12D7357}.Release|x86.Build.0 = Release|Any CPU
	EndGlobalSection
	GlobalSection(NestedProjects) = preSolution
		{DF93CAB0-35AC-4030-80B8-9D37EDE3374B} = {0121ACF0-9C4C-48B0-B22D-DCC5BC2397E1}
		{9C9C7796-A0EF-4AA4-A309-DB70F4D4DC96} = {0121ACF0-9C4C-48B0-B22D-DCC5BC2397E1}
		{C5A4C1AE-B4C9-44D3-9E5F-9FCFFE2F9200} = {0121ACF0-9C4C-48B0-B22D-DCC5BC2397E1}
		{28159267-4434-4E6F-858B-1786ECD8AF85} = {0121ACF0-9C4C-48B0-B22D-DCC5BC2397E1}
		{B0D23B3C-7736-4A98-B07B-E59CC12D7357} = {0121ACF0-9C4C-48B0-B22D-DCC5BC2397E1}
	EndGlobalSection
EndGlobal
